
Microsoft Visual Studio Solution File, Format Version 11.00
# Visual Studio 2010
Project("{FAE04EC0-301F-11D3-BF4B-00C04F79EFBC}") = "Assembly-CSharp", "Assembly-CSharp.csproj", "{062F2CAA-EDCF-CA91-7407-928923D48A7E}"
EndProject
Project("{FAE04EC0-301F-11D3-BF4B-00C04F79EFBC}") = "Assembly-CSharp-Editor", "Assembly-CSharp-Editor.csproj", "{0971A9E8-4F2C-80FE-32D8-F1AB1EF24C42}"
EndProject
Global
	GlobalSection(SolutionConfigurationPlatforms) = preSolution
		Debug|Any CPU = Debug|Any CPU
		Release|Any CPU = Release|Any CPU
	EndGlobalSection
	GlobalSection(ProjectConfigurationPlatforms) = postSolution
		{062F2CAA-EDCF-CA91-7407-928923D48A7E}.Debug|Any CPU.ActiveCfg = Debug|Any CPU
		{062F2CAA-EDCF-CA91-7407-928923D48A7E}.Debug|Any CPU.Build.0 = Debug|Any CPU
		{062F2CAA-EDCF-CA91-7407-928923D48A7E}.Release|Any CPU.ActiveCfg = Release|Any CPU
		{062F2CAA-EDCF-CA91-7407-928923D48A7E}.Release|Any CPU.Build.0 = Release|Any CPU
		{0971A9E8-4F2C-80FE-32D8-F1AB1EF24C42}.Debug|Any CPU.ActiveCfg = Debug|Any CPU
		{0971A9E8-4F2C-80FE-32D8-F1AB1EF24C42}.Debug|Any CPU.Build.0 = Debug|Any CPU
		{0971A9E8-4F2C-80FE-32D8-F1AB1EF24C42}.Release|Any CPU.ActiveCfg = Release|Any CPU
		{0971A9E8-4F2C-80FE-32D8-F1AB1EF24C42}.Release|Any CPU.Build.0 = Release|Any CPU
	EndGlobalSection
	GlobalSection(SolutionProperties) = preSolution
		HideSolutionNode = FALSE
	EndGlobalSection
EndGlobal
