
Microsoft Visual Studio Solution File, Format Version 11.00
# Visual Studio 2010
Project("{FAE04EC0-301F-11D3-BF4B-00C04F79EFBC}") = "Assembly-CSharp", "Assembly-CSharp.csproj", "{A0532BB7-B428-4583-3791-FBEF08C741CE}"
EndProject
Project("{FAE04EC0-301F-11D3-BF4B-00C04F79EFBC}") = "Assembly-CSharp-Editor", "Assembly-CSharp-Editor.csproj", "{BFEB80D1-6BD5-0A9A-F58C-857236546E2E}"
EndProject
Global
	GlobalSection(SolutionConfigurationPlatforms) = preSolution
		Debug|Any CPU = Debug|Any CPU
		Release|Any CPU = Release|Any CPU
	EndGlobalSection
	GlobalSection(ProjectConfigurationPlatforms) = postSolution
		{A0532BB7-B428-4583-3791-FBEF08C741CE}.Debug|Any CPU.ActiveCfg = Debug|Any CPU
		{A0532BB7-B428-4583-3791-FBEF08C741CE}.Debug|Any CPU.Build.0 = Debug|Any CPU
		{A0532BB7-B428-4583-3791-FBEF08C741CE}.Release|Any CPU.ActiveCfg = Release|Any CPU
		{A0532BB7-B428-4583-3791-FBEF08C741CE}.Release|Any CPU.Build.0 = Release|Any CPU
		{BFEB80D1-6BD5-0A9A-F58C-857236546E2E}.Debug|Any CPU.ActiveCfg = Debug|Any CPU
		{BFEB80D1-6BD5-0A9A-F58C-857236546E2E}.Debug|Any CPU.Build.0 = Debug|Any CPU
		{BFEB80D1-6BD5-0A9A-F58C-857236546E2E}.Release|Any CPU.ActiveCfg = Release|Any CPU
		{BFEB80D1-6BD5-0A9A-F58C-857236546E2E}.Release|Any CPU.Build.0 = Release|Any CPU
	EndGlobalSection
	GlobalSection(SolutionProperties) = preSolution
		HideSolutionNode = FALSE
	EndGlobalSection
EndGlobal
